
Microsoft Visual Studio Solution File, Format Version 12.00
# Visual Studio 15
Project("{FAE04EC0-301F-11D3-BF4B-00C04F79EFBC}") = "mar0702-05-ukol-1", "mar0702-05-ukol-1\mar0702-05-ukol-1.csproj", "{950BEB05-A0A3-40C3-9CFD-01D77F84AE7B}"
EndProject
Global
	GlobalSection(SolutionConfigurationPlatforms) = preSolution
		Debug|Any CPU = Debug|Any CPU
		Release|Any CPU = Release|Any CPU
	EndGlobalSection
	GlobalSection(ProjectConfigurationPlatforms) = postSolution
		{950BEB05-A0A3-40C3-9CFD-01D77F84AE7B}.Debug|Any CPU.ActiveCfg = Debug|Any CPU
		{950BEB05-A0A3-40C3-9CFD-01D77F84AE7B}.Debug|Any CPU.Build.0 = Debug|Any CPU
		{950BEB05-A0A3-40C3-9CFD-01D77F84AE7B}.Release|Any CPU.ActiveCfg = Release|Any CPU
		{950BEB05-A0A3-40C3-9CFD-01D77F84AE7B}.Release|Any CPU.Build.0 = Release|Any CPU
	EndGlobalSection
EndGlobal
